// !$*UTF8*$!
{
	archiveVersion = 1;
	classes = {
	};
	objectVersion = 77;
	objects = {

/* Begin PBXBuildFile section */
		1724638BD2B70699A591FE9B /* AutoTagService.swift in Sources */ = {isa = PBXBuildFile; fileRef = 99CA1B5B91B8D4637FEEF872 /* AutoTagService.swift */; };
		1EC09265A1CD5B1E67415B39 /* StepBackApp.swift in Sources */ = {isa = PBXBuildFile; fileRef = 023608F63978F9D1668F5AFC /* StepBackApp.swift */; };
		1F02ADF6471B01E48A824A49 /* Models.swift in Sources */ = {isa = PBXBuildFile; fileRef = 6745FF48B10D28A5ED4BB568 /* Models.swift */; };
		527B9B596B00D2C774173ECA /* PracticeView.swift in Sources */ = {isa = PBXBuildFile; fileRef = 35AE6C8D6564306E1B0ADA20 /* PracticeView.swift */; };
		5F405BD1B2F2EB7F30970683 /* LibraryFormatterTests.swift in Sources */ = {isa = PBXBuildFile; fileRef = 8B4B3FD6B0A004C787FC243B /* LibraryFormatterTests.swift */; };
		76D520F6EC5A0A8E57C8AAA1 /* BeatDetectorTests.swift in Sources */ = {isa = PBXBuildFile; fileRef = F6BC077A9FA8B51D07C178A0 /* BeatDetectorTests.swift */; };
		7FA3BBA0113FDF3282819E84 /* PracticePlayerViewModel.swift in Sources */ = {isa = PBXBuildFile; fileRef = 543153BE7C96EE23F43CE81E /* PracticePlayerViewModel.swift */; };
		9F90D5641396A9BF3E7A09FE /* RootView.swift in Sources */ = {isa = PBXBuildFile; fileRef = 56E94F050959741028A8574D /* RootView.swift */; };
		A49A15759EECD46EC5E3A694 /* Theme.swift in Sources */ = {isa = PBXBuildFile; fileRef = 2D07843122196F5F0DA539D1 /* Theme.swift */; };
		A88000A1ACD9503F7A9D6143 /* LibraryView.swift in Sources */ = {isa = PBXBuildFile; fileRef = AAB30650146433E889DC2AF4 /* LibraryView.swift */; };
		B3A98425CA93181D0723AB60 /* AutoTagServiceTests.swift in Sources */ = {isa = PBXBuildFile; fileRef = 0C54B956DF5DE01C00D95680 /* AutoTagServiceTests.swift */; };
		B6CB4CFDF1EB16757B0D78AA /* CompareView.swift in Sources */ = {isa = PBXBuildFile; fileRef = 92D24FDCCE45AEFB352C5EBF /* CompareView.swift */; };
		BE33E08127A1601493FB7837 /* LoopEvaluatorTests.swift in Sources */ = {isa = PBXBuildFile; fileRef = 57317F752B65258CB2D04530 /* LoopEvaluatorTests.swift */; };
		C376AB20647940A9E53A89D0 /* ModelsTests.swift in Sources */ = {isa = PBXBuildFile; fileRef = 848D52E156E709AA0226CEE8 /* ModelsTests.swift */; };
		C97E59DA25A51E16ECA03607 /* ThemeTests.swift in Sources */ = {isa = PBXBuildFile; fileRef = B7C112AEA59633E85CF8267D /* ThemeTests.swift */; };
		CC6F98E7716925F88449689A /* PhotosServiceTests.swift in Sources */ = {isa = PBXBuildFile; fileRef = B5505E62D217CB6AA3579A6D /* PhotosServiceTests.swift */; };
		D9873262DD68100D8D3C1021 /* Assets.xcassets in Resources */ = {isa = PBXBuildFile; fileRef = 462E264B215595E9EC3D1C4A /* Assets.xcassets */; };
		E9E06DF791FF47015B3DDFA8 /* BeatDetector.swift in Sources */ = {isa = PBXBuildFile; fileRef = C59BD8F65AE46261EEFD4F69 /* BeatDetector.swift */; };
		F35848C14CA3DF06A4EBE554 /* SpeedFormatterTests.swift in Sources */ = {isa = PBXBuildFile; fileRef = 16E676751B59ED083837CE39 /* SpeedFormatterTests.swift */; };
		F7AD3FACE8B875F1C9DFA310 /* PhotosService.swift in Sources */ = {isa = PBXBuildFile; fileRef = D8F8476EAB523378C1F1E046 /* PhotosService.swift */; };
/* End PBXBuildFile section */

/* Begin PBXContainerItemProxy section */
		9066358E6ED2276D82EDC317 /* PBXContainerItemProxy */ = {
			isa = PBXContainerItemProxy;
			containerPortal = 0CA39756C4A5914D4F7268C9 /* Project object */;
			proxyType = 1;
			remoteGlobalIDString = A0CAB4F2430D9C0B761CF496;
			remoteInfo = StepBack;
		};
/* End PBXContainerItemProxy section */

/* Begin PBXFileReference section */
		023608F63978F9D1668F5AFC /* StepBackApp.swift */ = {isa = PBXFileReference; lastKnownFileType = sourcecode.swift; path = StepBackApp.swift; sourceTree = "<group>"; };
		0C54B956DF5DE01C00D95680 /* AutoTagServiceTests.swift */ = {isa = PBXFileReference; lastKnownFileType = sourcecode.swift; path = AutoTagServiceTests.swift; sourceTree = "<group>"; };
		16E676751B59ED083837CE39 /* SpeedFormatterTests.swift */ = {isa = PBXFileReference; lastKnownFileType = sourcecode.swift; path = SpeedFormatterTests.swift; sourceTree = "<group>"; };
		2D07843122196F5F0DA539D1 /* Theme.swift */ = {isa = PBXFileReference; lastKnownFileType = sourcecode.swift; path = Theme.swift; sourceTree = "<group>"; };
		35AE6C8D6564306E1B0ADA20 /* PracticeView.swift */ = {isa = PBXFileReference; lastKnownFileType = sourcecode.swift; path = PracticeView.swift; sourceTree = "<group>"; };
		462E264B215595E9EC3D1C4A /* Assets.xcassets */ = {isa = PBXFileReference; lastKnownFileType = folder.assetcatalog; path = Assets.xcassets; sourceTree = "<group>"; };
		46ED8A21F9D36A90E3306D55 /* StepBackTests.xctest */ = {isa = PBXFileReference; includeInIndex = 0; lastKnownFileType = wrapper.cfbundle; path = StepBackTests.xctest; sourceTree = BUILT_PRODUCTS_DIR; };
		543153BE7C96EE23F43CE81E /* PracticePlayerViewModel.swift */ = {isa = PBXFileReference; lastKnownFileType = sourcecode.swift; path = PracticePlayerViewModel.swift; sourceTree = "<group>"; };
		56E94F050959741028A8574D /* RootView.swift */ = {isa = PBXFileReference; lastKnownFileType = sourcecode.swift; path = RootView.swift; sourceTree = "<group>"; };
		57317F752B65258CB2D04530 /* LoopEvaluatorTests.swift */ = {isa = PBXFileReference; lastKnownFileType = sourcecode.swift; path = LoopEvaluatorTests.swift; sourceTree = "<group>"; };
		6745FF48B10D28A5ED4BB568 /* Models.swift */ = {isa = PBXFileReference; lastKnownFileType = sourcecode.swift; path = Models.swift; sourceTree = "<group>"; };
		848D52E156E709AA0226CEE8 /* ModelsTests.swift */ = {isa = PBXFileReference; lastKnownFileType = sourcecode.swift; path = ModelsTests.swift; sourceTree = "<group>"; };
		8B4B3FD6B0A004C787FC243B /* LibraryFormatterTests.swift */ = {isa = PBXFileReference; lastKnownFileType = sourcecode.swift; path = LibraryFormatterTests.swift; sourceTree = "<group>"; };
		90115F7F368CDD3B0832B3B3 /* Generated-Info.plist */ = {isa = PBXFileReference; lastKnownFileType = text.plist; path = "Generated-Info.plist"; sourceTree = "<group>"; };
		92D24FDCCE45AEFB352C5EBF /* CompareView.swift */ = {isa = PBXFileReference; lastKnownFileType = sourcecode.swift; path = CompareView.swift; sourceTree = "<group>"; };
		99CA1B5B91B8D4637FEEF872 /* AutoTagService.swift */ = {isa = PBXFileReference; lastKnownFileType = sourcecode.swift; path = AutoTagService.swift; sourceTree = "<group>"; };
		A3776C829FB11907CC7E87F9 /* StepBack.app */ = {isa = PBXFileReference; includeInIndex = 0; lastKnownFileType = wrapper.application; path = StepBack.app; sourceTree = BUILT_PRODUCTS_DIR; };
		AAB30650146433E889DC2AF4 /* LibraryView.swift */ = {isa = PBXFileReference; lastKnownFileType = sourcecode.swift; path = LibraryView.swift; sourceTree = "<group>"; };
		B5505E62D217CB6AA3579A6D /* PhotosServiceTests.swift */ = {isa = PBXFileReference; lastKnownFileType = sourcecode.swift; path = PhotosServiceTests.swift; sourceTree = "<group>"; };
		B7C112AEA59633E85CF8267D /* ThemeTests.swift */ = {isa = PBXFileReference; lastKnownFileType = sourcecode.swift; path = ThemeTests.swift; sourceTree = "<group>"; };
		C59BD8F65AE46261EEFD4F69 /* BeatDetector.swift */ = {isa = PBXFileReference; lastKnownFileType = sourcecode.swift; path = BeatDetector.swift; sourceTree = "<group>"; };
		D8F8476EAB523378C1F1E046 /* PhotosService.swift */ = {isa = PBXFileReference; lastKnownFileType = sourcecode.swift; path = PhotosService.swift; sourceTree = "<group>"; };
		F6BC077A9FA8B51D07C178A0 /* BeatDetectorTests.swift */ = {isa = PBXFileReference; lastKnownFileType = sourcecode.swift; path = BeatDetectorTests.swift; sourceTree = "<group>"; };
/* End PBXFileReference section */

/* Begin PBXGroup section */
		0CCE7D9CB9AEFC2FA82B2EFD /* Utilities */ = {
			isa = PBXGroup;
			children = (
				2D07843122196F5F0DA539D1 /* Theme.swift */,
			);
			path = Utilities;
			sourceTree = "<group>";
		};
		1473B0960203747345667BB7 /* Models */ = {
			isa = PBXGroup;
			children = (
				6745FF48B10D28A5ED4BB568 /* Models.swift */,
			);
			path = Models;
			sourceTree = "<group>";
		};
		2BAE89F5B3212B0E382D6904 /* Views */ = {
			isa = PBXGroup;
			children = (
				92D24FDCCE45AEFB352C5EBF /* CompareView.swift */,
				AAB30650146433E889DC2AF4 /* LibraryView.swift */,
				35AE6C8D6564306E1B0ADA20 /* PracticeView.swift */,
				56E94F050959741028A8574D /* RootView.swift */,
			);
			path = Views;
			sourceTree = "<group>";
		};
		AAFDEB01F8F445A32BEBF684 /* StepBackTests */ = {
			isa = PBXGroup;
			children = (
				0C54B956DF5DE01C00D95680 /* AutoTagServiceTests.swift */,
				F6BC077A9FA8B51D07C178A0 /* BeatDetectorTests.swift */,
				8B4B3FD6B0A004C787FC243B /* LibraryFormatterTests.swift */,
				57317F752B65258CB2D04530 /* LoopEvaluatorTests.swift */,
				848D52E156E709AA0226CEE8 /* ModelsTests.swift */,
				B5505E62D217CB6AA3579A6D /* PhotosServiceTests.swift */,
				16E676751B59ED083837CE39 /* SpeedFormatterTests.swift */,
				B7C112AEA59633E85CF8267D /* ThemeTests.swift */,
			);
			path = StepBackTests;
			sourceTree = "<group>";
		};
		BCF6C86F86D208F862212667 /* Services */ = {
			isa = PBXGroup;
			children = (
				99CA1B5B91B8D4637FEEF872 /* AutoTagService.swift */,
				C59BD8F65AE46261EEFD4F69 /* BeatDetector.swift */,
				D8F8476EAB523378C1F1E046 /* PhotosService.swift */,
				543153BE7C96EE23F43CE81E /* PracticePlayerViewModel.swift */,
			);
			path = Services;
			sourceTree = "<group>";
		};
		CD80E836058B8C1643707785 /* StepBack */ = {
			isa = PBXGroup;
			children = (
				1473B0960203747345667BB7 /* Models */,
				BCF6C86F86D208F862212667 /* Services */,
				0CCE7D9CB9AEFC2FA82B2EFD /* Utilities */,
				2BAE89F5B3212B0E382D6904 /* Views */,
				462E264B215595E9EC3D1C4A /* Assets.xcassets */,
				90115F7F368CDD3B0832B3B3 /* Generated-Info.plist */,
				023608F63978F9D1668F5AFC /* StepBackApp.swift */,
			);
			path = StepBack;
			sourceTree = "<group>";
		};
		E2EB077B5D723D722B8466D4 = {
			isa = PBXGroup;
			children = (
				CD80E836058B8C1643707785 /* StepBack */,
				AAFDEB01F8F445A32BEBF684 /* StepBackTests */,
				F2DAB38156A3F0E1A401A280 /* Products */,
			);
			indentWidth = 4;
			sourceTree = "<group>";
			tabWidth = 4;
			usesTabs = 0;
		};
		F2DAB38156A3F0E1A401A280 /* Products */ = {
			isa = PBXGroup;
			children = (
				A3776C829FB11907CC7E87F9 /* StepBack.app */,
				46ED8A21F9D36A90E3306D55 /* StepBackTests.xctest */,
			);
			name = Products;
			sourceTree = "<group>";
		};
/* End PBXGroup section */

/* Begin PBXNativeTarget section */
		66CB866C7CADFD143539EF82 /* StepBackTests */ = {
			isa = PBXNativeTarget;
			buildConfigurationList = 80EBA241A43AEB4FA25281D3 /* Build configuration list for PBXNativeTarget "StepBackTests" */;
			buildPhases = (
				B6AE22974BA0AAC32A246114 /* Sources */,
			);
			buildRules = (
			);
			dependencies = (
				A3A228543D8579582B64AA73 /* PBXTargetDependency */,
			);
			name = StepBackTests;
			packageProductDependencies = (
			);
			productName = StepBackTests;
			productReference = 46ED8A21F9D36A90E3306D55 /* StepBackTests.xctest */;
			productType = "com.apple.product-type.bundle.unit-test";
		};
		A0CAB4F2430D9C0B761CF496 /* StepBack */ = {
			isa = PBXNativeTarget;
			buildConfigurationList = 4878E4B61B7A8D147AF780CA /* Build configuration list for PBXNativeTarget "StepBack" */;
			buildPhases = (
				1FD1A2DCF59E4C369E4253BC /* Sources */,
				D0A51A4615FA2F40CDA7ED01 /* Resources */,
			);
			buildRules = (
			);
			dependencies = (
			);
			name = StepBack;
			packageProductDependencies = (
			);
			productName = StepBack;
			productReference = A3776C829FB11907CC7E87F9 /* StepBack.app */;
			productType = "com.apple.product-type.application";
		};
/* End PBXNativeTarget section */

/* Begin PBXProject section */
		0CA39756C4A5914D4F7268C9 /* Project object */ = {
			isa = PBXProject;
			attributes = {
				BuildIndependentTargetsInParallel = YES;
				LastUpgradeCheck = 1430;
				TargetAttributes = {
					66CB866C7CADFD143539EF82 = {
						DevelopmentTeam = "";
					};
					A0CAB4F2430D9C0B761CF496 = {
						DevelopmentTeam = "";
						ProvisioningStyle = Automatic;
					};
				};
			};
			buildConfigurationList = 27D94A764F9062835B24C718 /* Build configuration list for PBXProject "StepBack" */;
			developmentRegion = en;
			hasScannedForEncodings = 0;
			knownRegions = (
				Base,
				en,
			);
			mainGroup = E2EB077B5D723D722B8466D4;
			minimizedProjectReferenceProxies = 1;
			preferredProjectObjectVersion = 77;
			productRefGroup = F2DAB38156A3F0E1A401A280 /* Products */;
			projectDirPath = "";
			projectRoot = "";
			targets = (
				A0CAB4F2430D9C0B761CF496 /* StepBack */,
				66CB866C7CADFD143539EF82 /* StepBackTests */,
			);
		};
/* End PBXProject section */

/* Begin PBXResourcesBuildPhase section */
		D0A51A4615FA2F40CDA7ED01 /* Resources */ = {
			isa = PBXResourcesBuildPhase;
			buildActionMask = 2147483647;
			files = (
				D9873262DD68100D8D3C1021 /* Assets.xcassets in Resources */,
			);
			runOnlyForDeploymentPostprocessing = 0;
		};
/* End PBXResourcesBuildPhase section */

/* Begin PBXSourcesBuildPhase section */
		1FD1A2DCF59E4C369E4253BC /* Sources */ = {
			isa = PBXSourcesBuildPhase;
			buildActionMask = 2147483647;
			files = (
				1724638BD2B70699A591FE9B /* AutoTagService.swift in Sources */,
				E9E06DF791FF47015B3DDFA8 /* BeatDetector.swift in Sources */,
				B6CB4CFDF1EB16757B0D78AA /* CompareView.swift in Sources */,
				A88000A1ACD9503F7A9D6143 /* LibraryView.swift in Sources */,
				1F02ADF6471B01E48A824A49 /* Models.swift in Sources */,
				F7AD3FACE8B875F1C9DFA310 /* PhotosService.swift in Sources */,
				7FA3BBA0113FDF3282819E84 /* PracticePlayerViewModel.swift in Sources */,
				527B9B596B00D2C774173ECA /* PracticeView.swift in Sources */,
				9F90D5641396A9BF3E7A09FE /* RootView.swift in Sources */,
				1EC09265A1CD5B1E67415B39 /* StepBackApp.swift in Sources */,
				A49A15759EECD46EC5E3A694 /* Theme.swift in Sources */,
			);
			runOnlyForDeploymentPostprocessing = 0;
		};
		B6AE22974BA0AAC32A246114 /* Sources */ = {
			isa = PBXSourcesBuildPhase;
			buildActionMask = 2147483647;
			files = (
				B3A98425CA93181D0723AB60 /* AutoTagServiceTests.swift in Sources */,
				76D520F6EC5A0A8E57C8AAA1 /* BeatDetectorTests.swift in Sources */,
				5F405BD1B2F2EB7F30970683 /* LibraryFormatterTests.swift in Sources */,
				BE33E08127A1601493FB7837 /* LoopEvaluatorTests.swift in Sources */,
				C376AB20647940A9E53A89D0 /* ModelsTests.swift in Sources */,
				CC6F98E7716925F88449689A /* PhotosServiceTests.swift in Sources */,
				F35848C14CA3DF06A4EBE554 /* SpeedFormatterTests.swift in Sources */,
				C97E59DA25A51E16ECA03607 /* ThemeTests.swift in Sources */,
			);
			runOnlyForDeploymentPostprocessing = 0;
		};
/* End PBXSourcesBuildPhase section */

/* Begin PBXTargetDependency section */
		A3A228543D8579582B64AA73 /* PBXTargetDependency */ = {
			isa = PBXTargetDependency;
			target = A0CAB4F2430D9C0B761CF496 /* StepBack */;
			targetProxy = 9066358E6ED2276D82EDC317 /* PBXContainerItemProxy */;
		};
/* End PBXTargetDependency section */

/* Begin XCBuildConfiguration section */
		01DCEA35FE97A1F09F807E22 /* Release */ = {
			isa = XCBuildConfiguration;
			buildSettings = {
				ALWAYS_SEARCH_USER_PATHS = NO;
				CLANG_ANALYZER_NONNULL = YES;
				CLANG_ANALYZER_NUMBER_OBJECT_CONVERSION = YES_AGGRESSIVE;
				CLANG_CXX_LANGUAGE_STANDARD = "gnu++14";
				CLANG_CXX_LIBRARY = "libc++";
				CLANG_ENABLE_MODULES = YES;
				CLANG_ENABLE_OBJC_ARC = YES;
				CLANG_ENABLE_OBJC_WEAK = YES;
				CLANG_WARN_BLOCK_CAPTURE_AUTORELEASING = YES;
				CLANG_WARN_BOOL_CONVERSION = YES;
				CLANG_WARN_COMMA = YES;
				CLANG_WARN_CONSTANT_CONVERSION = YES;
				CLANG_WARN_DEPRECATED_OBJC_IMPLEMENTATIONS = YES;
				CLANG_WARN_DIRECT_OBJC_ISA_USAGE = YES_ERROR;
				CLANG_WARN_DOCUMENTATION_COMMENTS = YES;
				CLANG_WARN_EMPTY_BODY = YES;
				CLANG_WARN_ENUM_CONVERSION = YES;
				CLANG_WARN_INFINITE_RECURSION = YES;
				CLANG_WARN_INT_CONVERSION = YES;
				CLANG_WARN_NON_LITERAL_NULL_CONVERSION = YES;
				CLANG_WARN_OBJC_IMPLICIT_RETAIN_SELF = YES;
				CLANG_WARN_OBJC_LITERAL_CONVERSION = YES;
				CLANG_WARN_OBJC_ROOT_CLASS = YES_ERROR;
				CLANG_WARN_QUOTED_INCLUDE_IN_FRAMEWORK_HEADER = YES;
				CLANG_WARN_RANGE_LOOP_ANALYSIS = YES;
				CLANG_WARN_STRICT_PROTOTYPES = YES;
				CLANG_WARN_SUSPICIOUS_MOVE = YES;
				CLANG_WARN_UNGUARDED_AVAILABILITY = YES_AGGRESSIVE;
				CLANG_WARN_UNREACHABLE_CODE = YES;
				CLANG_WARN__DUPLICATE_METHOD_MATCH = YES;
				COPY_PHASE_STRIP = NO;
				DEBUG_INFORMATION_FORMAT = "dwarf-with-dsym";
				DEVELOPMENT_TEAM = "";
				ENABLE_NS_ASSERTIONS = NO;
				ENABLE_STRICT_OBJC_MSGSEND = YES;
				ENABLE_USER_SCRIPT_SANDBOXING = YES;
				GCC_C_LANGUAGE_STANDARD = gnu11;
				GCC_NO_COMMON_BLOCKS = YES;
				GCC_WARN_64_TO_32_BIT_CONVERSION = YES;
				GCC_WARN_ABOUT_RETURN_TYPE = YES_ERROR;
				GCC_WARN_UNDECLARED_SELECTOR = YES;
				GCC_WARN_UNINITIALIZED_AUTOS = YES_AGGRESSIVE;
				GCC_WARN_UNUSED_FUNCTION = YES;
				GCC_WARN_UNUSED_VARIABLE = YES;
				IPHONEOS_DEPLOYMENT_TARGET = 17.0;
				MTL_ENABLE_DEBUG_INFO = NO;
				MTL_FAST_MATH = YES;
				PRODUCT_NAME = "$(TARGET_NAME)";
				SDKROOT = iphoneos;
				SWIFT_COMPILATION_MODE = wholemodule;
				SWIFT_OPTIMIZATION_LEVEL = "-O";
				SWIFT_STRICT_CONCURRENCY = minimal;
				SWIFT_VERSION = 5.9;
			};
			name = Release;
		};
		78EF25A9EC69739050276E05 /* Debug */ = {
			isa = XCBuildConfiguration;
			buildSettings = {
				ALWAYS_SEARCH_USER_PATHS = NO;
				CLANG_ANALYZER_NONNULL = YES;
				CLANG_ANALYZER_NUMBER_OBJECT_CONVERSION = YES_AGGRESSIVE;
				CLANG_CXX_LANGUAGE_STANDARD = "gnu++14";
				CLANG_CXX_LIBRARY = "libc++";
				CLANG_ENABLE_MODULES = YES;
				CLANG_ENABLE_OBJC_ARC = YES;
				CLANG_ENABLE_OBJC_WEAK = YES;
				CLANG_WARN_BLOCK_CAPTURE_AUTORELEASING = YES;
				CLANG_WARN_BOOL_CONVERSION = YES;
				CLANG_WARN_COMMA = YES;
				CLANG_WARN_CONSTANT_CONVERSION = YES;
				CLANG_WARN_DEPRECATED_OBJC_IMPLEMENTATIONS = YES;
				CLANG_WARN_DIRECT_OBJC_ISA_USAGE = YES_ERROR;
				CLANG_WARN_DOCUMENTATION_COMMENTS = YES;
				CLANG_WARN_EMPTY_BODY = YES;
				CLANG_WARN_ENUM_CONVERSION = YES;
				CLANG_WARN_INFINITE_RECURSION = YES;
				CLANG_WARN_INT_CONVERSION = YES;
				CLANG_WARN_NON_LITERAL_NULL_CONVERSION = YES;
				CLANG_WARN_OBJC_IMPLICIT_RETAIN_SELF = YES;
				CLANG_WARN_OBJC_LITERAL_CONVERSION = YES;
				CLANG_WARN_OBJC_ROOT_CLASS = YES_ERROR;
				CLANG_WARN_QUOTED_INCLUDE_IN_FRAMEWORK_HEADER = YES;
				CLANG_WARN_RANGE_LOOP_ANALYSIS = YES;
				CLANG_WARN_STRICT_PROTOTYPES = YES;
				CLANG_WARN_SUSPICIOUS_MOVE = YES;
				CLANG_WARN_UNGUARDED_AVAILABILITY = YES_AGGRESSIVE;
				CLANG_WARN_UNREACHABLE_CODE = YES;
				CLANG_WARN__DUPLICATE_METHOD_MATCH = YES;
				COPY_PHASE_STRIP = NO;
				DEBUG_INFORMATION_FORMAT = dwarf;
				DEVELOPMENT_TEAM = "";
				ENABLE_STRICT_OBJC_MSGSEND = YES;
				ENABLE_TESTABILITY = YES;
				ENABLE_USER_SCRIPT_SANDBOXING = YES;
				GCC_C_LANGUAGE_STANDARD = gnu11;
				GCC_DYNAMIC_NO_PIC = NO;
				GCC_NO_COMMON_BLOCKS = YES;
				GCC_OPTIMIZATION_LEVEL = 0;
				GCC_PREPROCESSOR_DEFINITIONS = (
					"$(inherited)",
					"DEBUG=1",
				);
				GCC_WARN_64_TO_32_BIT_CONVERSION = YES;
				GCC_WARN_ABOUT_RETURN_TYPE = YES_ERROR;
				GCC_WARN_UNDECLARED_SELECTOR = YES;
				GCC_WARN_UNINITIALIZED_AUTOS = YES_AGGRESSIVE;
				GCC_WARN_UNUSED_FUNCTION = YES;
				GCC_WARN_UNUSED_VARIABLE = YES;
				IPHONEOS_DEPLOYMENT_TARGET = 17.0;
				MTL_ENABLE_DEBUG_INFO = INCLUDE_SOURCE;
				MTL_FAST_MATH = YES;
				ONLY_ACTIVE_ARCH = YES;
				PRODUCT_NAME = "$(TARGET_NAME)";
				SDKROOT = iphoneos;
				SWIFT_ACTIVE_COMPILATION_CONDITIONS = DEBUG;
				SWIFT_OPTIMIZATION_LEVEL = "-Onone";
				SWIFT_STRICT_CONCURRENCY = minimal;
				SWIFT_VERSION = 5.9;
			};
			name = Debug;
		};
		C22B13AE9A47F5E8B3E7FB65 /* Release */ = {
			isa = XCBuildConfiguration;
			buildSettings = {
				BUNDLE_LOADER = "$(TEST_HOST)";
				GENERATE_INFOPLIST_FILE = YES;
				IPHONEOS_DEPLOYMENT_TARGET = 17.0;
				LD_RUNPATH_SEARCH_PATHS = (
					"$(inherited)",
					"@executable_path/Frameworks",
					"@loader_path/Frameworks",
				);
				PRODUCT_BUNDLE_IDENTIFIER = com.stepback.app.tests;
				SDKROOT = iphoneos;
				TARGETED_DEVICE_FAMILY = "1,2";
				TEST_HOST = "$(BUILT_PRODUCTS_DIR)/StepBack.app/StepBack";
			};
			name = Release;
		};
		D034EEC3E6D863E26A8A325C /* Debug */ = {
			isa = XCBuildConfiguration;
			buildSettings = {
				ASSETCATALOG_COMPILER_APPICON_NAME = AppIcon;
				CODE_SIGN_IDENTITY = "iPhone Developer";
				CODE_SIGN_STYLE = Automatic;
				CURRENT_PROJECT_VERSION = 1;
				INFOPLIST_FILE = "StepBack/Generated-Info.plist";
				INFOPLIST_KEY_NSPhotoLibraryUsageDescription = "StepBack needs access to your videos so you can practice with them.";
				INFOPLIST_KEY_UIApplicationSceneManifest_Generation = YES;
				INFOPLIST_KEY_UILaunchScreen_Generation = YES;
				INFOPLIST_KEY_UISupportedInterfaceOrientations_iPad = "UIInterfaceOrientationPortrait UIInterfaceOrientationPortraitUpsideDown UIInterfaceOrientationLandscapeLeft UIInterfaceOrientationLandscapeRight";
				INFOPLIST_KEY_UISupportedInterfaceOrientations_iPhone = "UIInterfaceOrientationPortrait UIInterfaceOrientationLandscapeLeft UIInterfaceOrientationLandscapeRight";
				IPHONEOS_DEPLOYMENT_TARGET = 17.0;
				LD_RUNPATH_SEARCH_PATHS = (
					"$(inherited)",
					"@executable_path/Frameworks",
				);
				MARKETING_VERSION = 0.1.0;
				PRODUCT_BUNDLE_IDENTIFIER = com.stepback.app;
				SDKROOT = iphoneos;
				TARGETED_DEVICE_FAMILY = "1,2";
			};
			name = Debug;
		};
		D82D0C9E900591A6DACC5FBC /* Release */ = {
			isa = XCBuildConfiguration;
			buildSettings = {
				ASSETCATALOG_COMPILER_APPICON_NAME = AppIcon;
				CODE_SIGN_IDENTITY = "iPhone Developer";
				CODE_SIGN_STYLE = Automatic;
				CURRENT_PROJECT_VERSION = 1;
				INFOPLIST_FILE = "StepBack/Generated-Info.plist";
				INFOPLIST_KEY_NSPhotoLibraryUsageDescription = "StepBack needs access to your videos so you can practice with them.";
				INFOPLIST_KEY_UIApplicationSceneManifest_Generation = YES;
				INFOPLIST_KEY_UILaunchScreen_Generation = YES;
				INFOPLIST_KEY_UISupportedInterfaceOrientations_iPad = "UIInterfaceOrientationPortrait UIInterfaceOrientationPortraitUpsideDown UIInterfaceOrientationLandscapeLeft UIInterfaceOrientationLandscapeRight";
				INFOPLIST_KEY_UISupportedInterfaceOrientations_iPhone = "UIInterfaceOrientationPortrait UIInterfaceOrientationLandscapeLeft UIInterfaceOrientationLandscapeRight";
				IPHONEOS_DEPLOYMENT_TARGET = 17.0;
				LD_RUNPATH_SEARCH_PATHS = (
					"$(inherited)",
					"@executable_path/Frameworks",
				);
				MARKETING_VERSION = 0.1.0;
				PRODUCT_BUNDLE_IDENTIFIER = com.stepback.app;
				SDKROOT = iphoneos;
				TARGETED_DEVICE_FAMILY = "1,2";
			};
			name = Release;
		};
		EB0FCB1CF218A5C2296FB0D3 /* Debug */ = {
			isa = XCBuildConfiguration;
			buildSettings = {
				BUNDLE_LOADER = "$(TEST_HOST)";
				GENERATE_INFOPLIST_FILE = YES;
				IPHONEOS_DEPLOYMENT_TARGET = 17.0;
				LD_RUNPATH_SEARCH_PATHS = (
					"$(inherited)",
					"@executable_path/Frameworks",
					"@loader_path/Frameworks",
				);
				PRODUCT_BUNDLE_IDENTIFIER = com.stepback.app.tests;
				SDKROOT = iphoneos;
				TARGETED_DEVICE_FAMILY = "1,2";
				TEST_HOST = "$(BUILT_PRODUCTS_DIR)/StepBack.app/StepBack";
			};
			name = Debug;
		};
/* End XCBuildConfiguration section */

/* Begin XCConfigurationList section */
		27D94A764F9062835B24C718 /* Build configuration list for PBXProject "StepBack" */ = {
			isa = XCConfigurationList;
			buildConfigurations = (
				78EF25A9EC69739050276E05 /* Debug */,
				01DCEA35FE97A1F09F807E22 /* Release */,
			);
			defaultConfigurationIsVisible = 0;
			defaultConfigurationName = Debug;
		};
		4878E4B61B7A8D147AF780CA /* Build configuration list for PBXNativeTarget "StepBack" */ = {
			isa = XCConfigurationList;
			buildConfigurations = (
				D034EEC3E6D863E26A8A325C /* Debug */,
				D82D0C9E900591A6DACC5FBC /* Release */,
			);
			defaultConfigurationIsVisible = 0;
			defaultConfigurationName = Debug;
		};
		80EBA241A43AEB4FA25281D3 /* Build configuration list for PBXNativeTarget "StepBackTests" */ = {
			isa = XCConfigurationList;
			buildConfigurations = (
				EB0FCB1CF218A5C2296FB0D3 /* Debug */,
				C22B13AE9A47F5E8B3E7FB65 /* Release */,
			);
			defaultConfigurationIsVisible = 0;
			defaultConfigurationName = Debug;
		};
/* End XCConfigurationList section */
	};
	rootObject = 0CA39756C4A5914D4F7268C9 /* Project object */;
}
